// !$*UTF8*$!
{
	archiveVersion = 1;
	classes = {
	};
	objectVersion = 46;
	objects = {

/* Begin PBXBuildFile section */
		D30CE5B620024B2E00E91DD7 /* DocumentsDetailsVC.swift in Sources */ = {isa = PBXBuildFile; fileRef = D30CE5B520024B2E00E91DD7 /* DocumentsDetailsVC.swift */; };
		D3307B4A1F55D3B9007736A4 /* AppDelegate.swift in Sources */ = {isa = PBXBuildFile; fileRef = D3307B491F55D3B9007736A4 /* AppDelegate.swift */; };
		D3307B4C1F55D3B9007736A4 /* ViewController.swift in Sources */ = {isa = PBXBuildFile; fileRef = D3307B4B1F55D3B9007736A4 /* ViewController.swift */; };
		D3307B4F1F55D3B9007736A4 /* Main.storyboard in Resources */ = {isa = PBXBuildFile; fileRef = D3307B4D1F55D3B9007736A4 /* Main.storyboard */; };
		D3307B511F55D3B9007736A4 /* Assets.xcassets in Resources */ = {isa = PBXBuildFile; fileRef = D3307B501F55D3B9007736A4 /* Assets.xcassets */; };
		D3307B541F55D3B9007736A4 /* LaunchScreen.storyboard in Resources */ = {isa = PBXBuildFile; fileRef = D3307B521F55D3B9007736A4 /* LaunchScreen.storyboard */; };
		D3307B5D1F55D5DB007736A4 /* SJSwiftSideMenuController.swift in Sources */ = {isa = PBXBuildFile; fileRef = D3307B5C1F55D5DB007736A4 /* SJSwiftSideMenuController.swift */; };
		D3307B5F1F55D67E007736A4 /* SideMenuController.swift in Sources */ = {isa = PBXBuildFile; fileRef = D3307B5E1F55D67E007736A4 /* SideMenuController.swift */; };
		D3446FD620013A0D0093267C /* OpenEcternalLinkVC.swift in Sources */ = {isa = PBXBuildFile; fileRef = D3446FD520013A0D0093267C /* OpenEcternalLinkVC.swift */; };
		D38F849920092CEB00804DB2 /* MessageUI.framework in Frameworks */ = {isa = PBXBuildFile; fileRef = D38F849820092CEB00804DB2 /* MessageUI.framework */; };
		D3B0CA082005364100064BFA /* FundDetailVC.swift in Sources */ = {isa = PBXBuildFile; fileRef = D3B0CA072005364100064BFA /* FundDetailVC.swift */; };
		D3C9EAF21FE55C3400D5EEF7 /* QuartzCore.framework in Frameworks */ = {isa = PBXBuildFile; fileRef = D3C9EAF11FE55C3400D5EEF7 /* QuartzCore.framework */; };
		D3C9EB1B1FE55C8A00D5EEF7 /* MKAnnotationView+WebCache.m in Sources */ = {isa = PBXBuildFile; fileRef = D3C9EAF51FE55C8A00D5EEF7 /* MKAnnotationView+WebCache.m */; };
		D3C9EB1C1FE55C8A00D5EEF7 /* NSData+ImageContentType.m in Sources */ = {isa = PBXBuildFile; fileRef = D3C9EAF71FE55C8A00D5EEF7 /* NSData+ImageContentType.m */; };
		D3C9EB1D1FE55C8A00D5EEF7 /* NSImage+WebCache.m in Sources */ = {isa = PBXBuildFile; fileRef = D3C9EAF91FE55C8A00D5EEF7 /* NSImage+WebCache.m */; };
		D3C9EB1E1FE55C8A00D5EEF7 /* SDImageCache.m in Sources */ = {isa = PBXBuildFile; fileRef = D3C9EAFB1FE55C8A00D5EEF7 /* SDImageCache.m */; };
		D3C9EB1F1FE55C8A00D5EEF7 /* SDImageCacheConfig.m in Sources */ = {isa = PBXBuildFile; fileRef = D3C9EAFD1FE55C8A00D5EEF7 /* SDImageCacheConfig.m */; };
		D3C9EB201FE55C8A00D5EEF7 /* SDWebImageCompat.m in Sources */ = {isa = PBXBuildFile; fileRef = D3C9EAFF1FE55C8A00D5EEF7 /* SDWebImageCompat.m */; };
		D3C9EB211FE55C8A00D5EEF7 /* SDWebImageDecoder.m in Sources */ = {isa = PBXBuildFile; fileRef = D3C9EB011FE55C8A00D5EEF7 /* SDWebImageDecoder.m */; };
		D3C9EB221FE55C8A00D5EEF7 /* SDWebImageDownloader.m in Sources */ = {isa = PBXBuildFile; fileRef = D3C9EB031FE55C8A00D5EEF7 /* SDWebImageDownloader.m */; };
		D3C9EB231FE55C8A00D5EEF7 /* SDWebImageDownloaderOperation.m in Sources */ = {isa = PBXBuildFile; fileRef = D3C9EB051FE55C8A00D5EEF7 /* SDWebImageDownloaderOperation.m */; };
		D3C9EB241FE55C8A00D5EEF7 /* SDWebImageManager.m in Sources */ = {isa = PBXBuildFile; fileRef = D3C9EB071FE55C8A00D5EEF7 /* SDWebImageManager.m */; };
		D3C9EB251FE55C8A00D5EEF7 /* SDWebImagePrefetcher.m in Sources */ = {isa = PBXBuildFile; fileRef = D3C9EB0A1FE55C8A00D5EEF7 /* SDWebImagePrefetcher.m */; };
		D3C9EB261FE55C8A00D5EEF7 /* UIButton+WebCache.m in Sources */ = {isa = PBXBuildFile; fileRef = D3C9EB0C1FE55C8A00D5EEF7 /* UIButton+WebCache.m */; };
		D3C9EB271FE55C8A00D5EEF7 /* UIImage+GIF.m in Sources */ = {isa = PBXBuildFile; fileRef = D3C9EB0E1FE55C8A00D5EEF7 /* UIImage+GIF.m */; };
		D3C9EB281FE55C8A00D5EEF7 /* UIImage+MultiFormat.m in Sources */ = {isa = PBXBuildFile; fileRef = D3C9EB101FE55C8A00D5EEF7 /* UIImage+MultiFormat.m */; };
		D3C9EB291FE55C8A00D5EEF7 /* UIImage+WebP.m in Sources */ = {isa = PBXBuildFile; fileRef = D3C9EB121FE55C8A00D5EEF7 /* UIImage+WebP.m */; };
		D3C9EB2A1FE55C8A00D5EEF7 /* UIImageView+HighlightedWebCache.m in Sources */ = {isa = PBXBuildFile; fileRef = D3C9EB141FE55C8A00D5EEF7 /* UIImageView+HighlightedWebCache.m */; };
		D3C9EB2B1FE55C8A00D5EEF7 /* UIImageView+WebCache.m in Sources */ = {isa = PBXBuildFile; fileRef = D3C9EB161FE55C8A00D5EEF7 /* UIImageView+WebCache.m */; };
		D3C9EB2C1FE55C8A00D5EEF7 /* UIView+WebCache.m in Sources */ = {isa = PBXBuildFile; fileRef = D3C9EB181FE55C8A00D5EEF7 /* UIView+WebCache.m */; };
		D3C9EB2D1FE55C8A00D5EEF7 /* UIView+WebCacheOperation.m in Sources */ = {isa = PBXBuildFile; fileRef = D3C9EB1A1FE55C8A00D5EEF7 /* UIView+WebCacheOperation.m */; };
		D3DCA04D1F5727600070869A /* ForgotPasswordVC.swift in Sources */ = {isa = PBXBuildFile; fileRef = D3DCA04C1F5727600070869A /* ForgotPasswordVC.swift */; };
		D3DCA0501F57320F0070869A /* DashboardVC.swift in Sources */ = {isa = PBXBuildFile; fileRef = D3DCA04F1F57320F0070869A /* DashboardVC.swift */; };
		D3EDF1D11F55D8F700D5D82D /* AppUtils.swift in Sources */ = {isa = PBXBuildFile; fileRef = D3EDF1711F55D8F700D5D82D /* AppUtils.swift */; };
		D3EDF1D21F55D8F700D5D82D /* Constant.swift in Sources */ = {isa = PBXBuildFile; fileRef = D3EDF1721F55D8F700D5D82D /* Constant.swift */; };
		D3EDF1E61F55D8F800D5D82D /* IQNSArray+Sort.swift in Sources */ = {isa = PBXBuildFile; fileRef = D3EDF19D1F55D8F700D5D82D /* IQNSArray+Sort.swift */; };
		D3EDF1E71F55D8F800D5D82D /* IQUIScrollView+Additions.swift in Sources */ = {isa = PBXBuildFile; fileRef = D3EDF19E1F55D8F700D5D82D /* IQUIScrollView+Additions.swift */; };
		D3EDF1E81F55D8F800D5D82D /* IQUITextFieldView+Additions.swift in Sources */ = {isa = PBXBuildFile; fileRef = D3EDF19F1F55D8F700D5D82D /* IQUITextFieldView+Additions.swift */; };
		D3EDF1E91F55D8F800D5D82D /* IQUIView+Hierarchy.swift in Sources */ = {isa = PBXBuildFile; fileRef = D3EDF1A01F55D8F700D5D82D /* IQUIView+Hierarchy.swift */; };
		D3EDF1EA1F55D8F800D5D82D /* IQUIViewController+Additions.swift in Sources */ = {isa = PBXBuildFile; fileRef = D3EDF1A11F55D8F700D5D82D /* IQUIViewController+Additions.swift */; };
		D3EDF1EB1F55D8F800D5D82D /* IQUIWindow+Hierarchy.swift in Sources */ = {isa = PBXBuildFile; fileRef = D3EDF1A21F55D8F700D5D82D /* IQUIWindow+Hierarchy.swift */; };
		D3EDF1EC1F55D8F800D5D82D /* IQKeyboardManagerConstants.swift in Sources */ = {isa = PBXBuildFile; fileRef = D3EDF1A41F55D8F700D5D82D /* IQKeyboardManagerConstants.swift */; };
		D3EDF1ED1F55D8F800D5D82D /* IQKeyboardManagerConstantsInternal.swift in Sources */ = {isa = PBXBuildFile; fileRef = D3EDF1A51F55D8F700D5D82D /* IQKeyboardManagerConstantsInternal.swift */; };
		D3EDF1EE1F55D8F800D5D82D /* IQKeyboardManager.swift in Sources */ = {isa = PBXBuildFile; fileRef = D3EDF1A61F55D8F700D5D82D /* IQKeyboardManager.swift */; };
		D3EDF1EF1F55D8F800D5D82D /* IQKeyboardReturnKeyHandler.swift in Sources */ = {isa = PBXBuildFile; fileRef = D3EDF1A81F55D8F700D5D82D /* IQKeyboardReturnKeyHandler.swift */; };
		D3EDF1F01F55D8F800D5D82D /* IQTextView.swift in Sources */ = {isa = PBXBuildFile; fileRef = D3EDF1AA1F55D8F700D5D82D /* IQTextView.swift */; };
		D3EDF1F11F55D8F800D5D82D /* IQBarButtonItem.swift in Sources */ = {isa = PBXBuildFile; fileRef = D3EDF1AC1F55D8F700D5D82D /* IQBarButtonItem.swift */; };
		D3EDF1F21F55D8F800D5D82D /* IQPreviousNextView.swift in Sources */ = {isa = PBXBuildFile; fileRef = D3EDF1AD1F55D8F700D5D82D /* IQPreviousNextView.swift */; };
		D3EDF1F31F55D8F800D5D82D /* IQTitleBarButtonItem.swift in Sources */ = {isa = PBXBuildFile; fileRef = D3EDF1AE1F55D8F700D5D82D /* IQTitleBarButtonItem.swift */; };
		D3EDF1F41F55D8F800D5D82D /* IQToolbar.swift in Sources */ = {isa = PBXBuildFile; fileRef = D3EDF1AF1F55D8F700D5D82D /* IQToolbar.swift */; };
		D3EDF1F51F55D8F800D5D82D /* IQUIView+IQKeyboardToolbar.swift in Sources */ = {isa = PBXBuildFile; fileRef = D3EDF1B01F55D8F700D5D82D /* IQUIView+IQKeyboardToolbar.swift */; };
		D3EDF1F61F55D8F800D5D82D /* IQKeyboardManager.bundle in Resources */ = {isa = PBXBuildFile; fileRef = D3EDF1B21F55D8F700D5D82D /* IQKeyboardManager.bundle */; };
		D3EDF1F71F55D8F800D5D82D /* AFError.swift in Sources */ = {isa = PBXBuildFile; fileRef = D3EDF1B51F55D8F700D5D82D /* AFError.swift */; };
		D3EDF1F81F55D8F800D5D82D /* Alamofire.swift in Sources */ = {isa = PBXBuildFile; fileRef = D3EDF1B71F55D8F700D5D82D /* Alamofire.swift */; };
		D3EDF1F91F55D8F800D5D82D /* DispatchQueue+Alamofire.swift in Sources */ = {isa = PBXBuildFile; fileRef = D3EDF1B81F55D8F700D5D82D /* DispatchQueue+Alamofire.swift */; };
		D3EDF1FA1F55D8F800D5D82D /* Info.plist in Resources */ = {isa = PBXBuildFile; fileRef = D3EDF1B91F55D8F700D5D82D /* Info.plist */; };
		D3EDF1FB1F55D8F800D5D82D /* MultipartFormData.swift in Sources */ = {isa = PBXBuildFile; fileRef = D3EDF1BA1F55D8F700D5D82D /* MultipartFormData.swift */; };
		D3EDF1FC1F55D8F800D5D82D /* NetworkReachabilityManager.swift in Sources */ = {isa = PBXBuildFile; fileRef = D3EDF1BB1F55D8F700D5D82D /* NetworkReachabilityManager.swift */; };
		D3EDF1FD1F55D8F800D5D82D /* Notifications.swift in Sources */ = {isa = PBXBuildFile; fileRef = D3EDF1BC1F55D8F700D5D82D /* Notifications.swift */; };
		D3EDF1FE1F55D8F800D5D82D /* ParameterEncoding.swift in Sources */ = {isa = PBXBuildFile; fileRef = D3EDF1BD1F55D8F700D5D82D /* ParameterEncoding.swift */; };
		D3EDF1FF1F55D8F800D5D82D /* Request.swift in Sources */ = {isa = PBXBuildFile; fileRef = D3EDF1BE1F55D8F700D5D82D /* Request.swift */; };
		D3EDF2001F55D8F800D5D82D /* Response.swift in Sources */ = {isa = PBXBuildFile; fileRef = D3EDF1BF1F55D8F700D5D82D /* Response.swift */; };
		D3EDF2011F55D8F800D5D82D /* ResponseSerialization.swift in Sources */ = {isa = PBXBuildFile; fileRef = D3EDF1C01F55D8F700D5D82D /* ResponseSerialization.swift */; };
		D3EDF2021F55D8F800D5D82D /* Result.swift in Sources */ = {isa = PBXBuildFile; fileRef = D3EDF1C11F55D8F700D5D82D /* Result.swift */; };
		D3EDF2031F55D8F800D5D82D /* ServerTrustPolicy.swift in Sources */ = {isa = PBXBuildFile; fileRef = D3EDF1C21F55D8F700D5D82D /* ServerTrustPolicy.swift */; };
		D3EDF2041F55D8F800D5D82D /* SessionDelegate.swift in Sources */ = {isa = PBXBuildFile; fileRef = D3EDF1C31F55D8F700D5D82D /* SessionDelegate.swift */; };
		D3EDF2051F55D8F800D5D82D /* SessionManager.swift in Sources */ = {isa = PBXBuildFile; fileRef = D3EDF1C41F55D8F700D5D82D /* SessionManager.swift */; };
		D3EDF2061F55D8F800D5D82D /* TaskDelegate.swift in Sources */ = {isa = PBXBuildFile; fileRef = D3EDF1C51F55D8F700D5D82D /* TaskDelegate.swift */; };
		D3EDF2071F55D8F800D5D82D /* Timeline.swift in Sources */ = {isa = PBXBuildFile; fileRef = D3EDF1C61F55D8F700D5D82D /* Timeline.swift */; };
		D3EDF2081F55D8F800D5D82D /* Validation.swift in Sources */ = {isa = PBXBuildFile; fileRef = D3EDF1C71F55D8F700D5D82D /* Validation.swift */; };
		D3EDF2091F55D8F800D5D82D /* SwiftyJSON.swift in Sources */ = {isa = PBXBuildFile; fileRef = D3EDF1C91F55D8F700D5D82D /* SwiftyJSON.swift */; };
		D3EDF20A1F55D8F800D5D82D /* JVFloatLabeledTextField.m in Sources */ = {isa = PBXBuildFile; fileRef = D3EDF1CC1F55D8F700D5D82D /* JVFloatLabeledTextField.m */; };
		D3EDF20B1F55D8F800D5D82D /* JVFloatLabeledTextView.m in Sources */ = {isa = PBXBuildFile; fileRef = D3EDF1CE1F55D8F700D5D82D /* JVFloatLabeledTextView.m */; };
		D3EDF20C1F55D8F800D5D82D /* NSString+TextDirectionality.m in Sources */ = {isa = PBXBuildFile; fileRef = D3EDF1D01F55D8F700D5D82D /* NSString+TextDirectionality.m */; };
		D567EE9C1F5A816F00B647FF /* EntitiesViewController.swift in Sources */ = {isa = PBXBuildFile; fileRef = D567EE9B1F5A816F00B647FF /* EntitiesViewController.swift */; };
		D567EE9E1F5A9AC000B647FF /* NewsViewController.swift in Sources */ = {isa = PBXBuildFile; fileRef = D567EE9D1F5A9AC000B647FF /* NewsViewController.swift */; };
		D57B9D321F62FB9100BE44FB /* TeamDetailViewController.swift in Sources */ = {isa = PBXBuildFile; fileRef = D57B9D311F62FB9100BE44FB /* TeamDetailViewController.swift */; };
		D57B9D341F6315EB00BE44FB /* EntityDetailViewController.swift in Sources */ = {isa = PBXBuildFile; fileRef = D57B9D331F6315EB00BE44FB /* EntityDetailViewController.swift */; };
		D5902AE61F65645E00AE2F1A /* FinancialSummaryViewController.swift in Sources */ = {isa = PBXBuildFile; fileRef = D5902AE51F65645E00AE2F1A /* FinancialSummaryViewController.swift */; };
		D59605CC1F5AC66100AE343B /* ContactsViewController.swift in Sources */ = {isa = PBXBuildFile; fileRef = D59605CB1F5AC66100AE343B /* ContactsViewController.swift */; };
		D59605CE1F5AC8A100AE343B /* DocumentsViewController.swift in Sources */ = {isa = PBXBuildFile; fileRef = D59605CD1F5AC8A100AE343B /* DocumentsViewController.swift */; };
		D5B799FD1F5C596800BB1A9E /* CompanyViewController.swift in Sources */ = {isa = PBXBuildFile; fileRef = D5B799FC1F5C596800BB1A9E /* CompanyViewController.swift */; };
		D5F2589D1F5B0B4200429374 /* TeamViewController.swift in Sources */ = {isa = PBXBuildFile; fileRef = D5F2589C1F5B0B4200429374 /* TeamViewController.swift */; };
/* End PBXBuildFile section */

/* Begin PBXFileReference section */
		D30CE5B520024B2E00E91DD7 /* DocumentsDetailsVC.swift */ = {isa = PBXFileReference; fileEncoding = 4; lastKnownFileType = sourcecode.swift; path = DocumentsDetailsVC.swift; sourceTree = "<group>"; };
		D3307B461F55D3B9007736A4 /* Portfolio.app */ = {isa = PBXFileReference; explicitFileType = wrapper.application; includeInIndex = 0; path = Portfolio.app; sourceTree = BUILT_PRODUCTS_DIR; };
		D3307B491F55D3B9007736A4 /* AppDelegate.swift */ = {isa = PBXFileReference; lastKnownFileType = sourcecode.swift; path = AppDelegate.swift; sourceTree = "<group>"; };
		D3307B4B1F55D3B9007736A4 /* ViewController.swift */ = {isa = PBXFileReference; lastKnownFileType = sourcecode.swift; path = ViewController.swift; sourceTree = "<group>"; };
		D3307B4E1F55D3B9007736A4 /* Base */ = {isa = PBXFileReference; lastKnownFileType = file.storyboard; name = Base; path = Base.lproj/Main.storyboard; sourceTree = "<group>"; };
		D3307B501F55D3B9007736A4 /* Assets.xcassets */ = {isa = PBXFileReference; lastKnownFileType = folder.assetcatalog; path = Assets.xcassets; sourceTree = "<group>"; };
		D3307B531F55D3B9007736A4 /* Base */ = {isa = PBXFileReference; lastKnownFileType = file.storyboard; name = Base; path = Base.lproj/LaunchScreen.storyboard; sourceTree = "<group>"; };
		D3307B551F55D3B9007736A4 /* Info.plist */ = {isa = PBXFileReference; lastKnownFileType = text.plist.xml; path = Info.plist; sourceTree = "<group>"; };
		D3307B5C1F55D5DB007736A4 /* SJSwiftSideMenuController.swift */ = {isa = PBXFileReference; fileEncoding = 4; lastKnownFileType = sourcecode.swift; path = SJSwiftSideMenuController.swift; sourceTree = "<group>"; };
		D3307B5E1F55D67E007736A4 /* SideMenuController.swift */ = {isa = PBXFileReference; fileEncoding = 4; lastKnownFileType = sourcecode.swift; path = SideMenuController.swift; sourceTree = "<group>"; };
		D3446FD520013A0D0093267C /* OpenEcternalLinkVC.swift */ = {isa = PBXFileReference; fileEncoding = 4; lastKnownFileType = sourcecode.swift; path = OpenEcternalLinkVC.swift; sourceTree = "<group>"; };
		D38F849820092CEB00804DB2 /* MessageUI.framework */ = {isa = PBXFileReference; lastKnownFileType = wrapper.framework; name = MessageUI.framework; path = System/Library/Frameworks/MessageUI.framework; sourceTree = SDKROOT; };
		D3B0CA072005364100064BFA /* FundDetailVC.swift */ = {isa = PBXFileReference; fileEncoding = 4; lastKnownFileType = sourcecode.swift; path = FundDetailVC.swift; sourceTree = "<group>"; };
		D3C9EAF11FE55C3400D5EEF7 /* QuartzCore.framework */ = {isa = PBXFileReference; lastKnownFileType = wrapper.framework; name = QuartzCore.framework; path = System/Library/Frameworks/QuartzCore.framework; sourceTree = SDKROOT; };
		D3C9EAF41FE55C8A00D5EEF7 /* MKAnnotationView+WebCache.h */ = {isa = PBXFileReference; fileEncoding = 4; lastKnownFileType = sourcecode.c.h; path = "MKAnnotationView+WebCache.h"; sourceTree = "<group>"; };
		D3C9EAF51FE55C8A00D5EEF7 /* MKAnnotationView+WebCache.m */ = {isa = PBXFileReference; fileEncoding = 4; lastKnownFileType = sourcecode.c.objc; path = "MKAnnotationView+WebCache.m"; sourceTree = "<group>"; };
		D3C9EAF61FE55C8A00D5EEF7 /* NSData+ImageContentType.h */ = {isa = PBXFileReference; fileEncoding = 4; lastKnownFileType = sourcecode.c.h; path = "NSData+ImageContentType.h"; sourceTree = "<group>"; };
		D3C9EAF71FE55C8A00D5EEF7 /* NSData+ImageContentType.m */ = {isa = PBXFileReference; fileEncoding = 4; lastKnownFileType = sourcecode.c.objc; path = "NSData+ImageContentType.m"; sourceTree = "<group>"; };
		D3C9EAF81FE55C8A00D5EEF7 /* NSImage+WebCache.h */ = {isa = PBXFileReference; fileEncoding = 4; lastKnownFileType = sourcecode.c.h; path = "NSImage+WebCache.h"; sourceTree = "<group>"; };
		D3C9EAF91FE55C8A00D5EEF7 /* NSImage+WebCache.m */ = {isa = PBXFileReference; fileEncoding = 4; lastKnownFileType = sourcecode.c.objc; path = "NSImage+WebCache.m"; sourceTree = "<group>"; };
		D3C9EAFA1FE55C8A00D5EEF7 /* SDImageCache.h */ = {isa = PBXFileReference; fileEncoding = 4; lastKnownFileType = sourcecode.c.h; path = SDImageCache.h; sourceTree = "<group>"; };
		D3C9EAFB1FE55C8A00D5EEF7 /* SDImageCache.m */ = {isa = PBXFileReference; fileEncoding = 4; lastKnownFileType = sourcecode.c.objc; path = SDImageCache.m; sourceTree = "<group>"; };
		D3C9EAFC1FE55C8A00D5EEF7 /* SDImageCacheConfig.h */ = {isa = PBXFileReference; fileEncoding = 4; lastKnownFileType = sourcecode.c.h; path = SDImageCacheConfig.h; sourceTree = "<group>"; };
		D3C9EAFD1FE55C8A00D5EEF7 /* SDImageCacheConfig.m */ = {isa = PBXFileReference; fileEncoding = 4; lastKnownFileType = sourcecode.c.objc; path = SDImageCacheConfig.m; sourceTree = "<group>"; };
		D3C9EAFE1FE55C8A00D5EEF7 /* SDWebImageCompat.h */ = {isa = PBXFileReference; fileEncoding = 4; lastKnownFileType = sourcecode.c.h; path = SDWebImageCompat.h; sourceTree = "<group>"; };
		D3C9EAFF1FE55C8A00D5EEF7 /* SDWebImageCompat.m */ = {isa = PBXFileReference; fileEncoding = 4; lastKnownFileType = sourcecode.c.objc; path = SDWebImageCompat.m; sourceTree = "<group>"; };
		D3C9EB001FE55C8A00D5EEF7 /* SDWebImageDecoder.h */ = {isa = PBXFileReference; fileEncoding = 4; lastKnownFileType = sourcecode.c.h; path = SDWebImageDecoder.h; sourceTree = "<group>"; };
		D3C9EB011FE55C8A00D5EEF7 /* SDWebImageDecoder.m */ = {isa = PBXFileReference; fileEncoding = 4; lastKnownFileType = sourcecode.c.objc; path = SDWebImageDecoder.m; sourceTree = "<group>"; };
		D3C9EB021FE55C8A00D5EEF7 /* SDWebImageDownloader.h */ = {isa = PBXFileReference; fileEncoding = 4; lastKnownFileType = sourcecode.c.h; path = SDWebImageDownloader.h; sourceTree = "<group>"; };
		D3C9EB031FE55C8A00D5EEF7 /* SDWebImageDownloader.m */ = {isa = PBXFileReference; fileEncoding = 4; lastKnownFileType = sourcecode.c.objc; path = SDWebImageDownloader.m; sourceTree = "<group>"; };
		D3C9EB041FE55C8A00D5EEF7 /* SDWebImageDownloaderOperation.h */ = {isa = PBXFileReference; fileEncoding = 4; lastKnownFileType = sourcecode.c.h; path = SDWebImageDownloaderOperation.h; sourceTree = "<group>"; };
		D3C9EB051FE55C8A00D5EEF7 /* SDWebImageDownloaderOperation.m */ = {isa = PBXFileReference; fileEncoding = 4; lastKnownFileType = sourcecode.c.objc; path = SDWebImageDownloaderOperation.m; sourceTree = "<group>"; };
		D3C9EB061FE55C8A00D5EEF7 /* SDWebImageManager.h */ = {isa = PBXFileReference; fileEncoding = 4; lastKnownFileType = sourcecode.c.h; path = SDWebImageManager.h; sourceTree = "<group>"; };
		D3C9EB071FE55C8A00D5EEF7 /* SDWebImageManager.m */ = {isa = PBXFileReference; fileEncoding = 4; lastKnownFileType = sourcecode.c.objc; path = SDWebImageManager.m; sourceTree = "<group>"; };
		D3C9EB081FE55C8A00D5EEF7 /* SDWebImageOperation.h */ = {isa = PBXFileReference; fileEncoding = 4; lastKnownFileType = sourcecode.c.h; path = SDWebImageOperation.h; sourceTree = "<group>"; };
		D3C9EB091FE55C8A00D5EEF7 /* SDWebImagePrefetcher.h */ = {isa = PBXFileReference; fileEncoding = 4; lastKnownFileType = sourcecode.c.h; path = SDWebImagePrefetcher.h; sourceTree = "<group>"; };
		D3C9EB0A1FE55C8A00D5EEF7 /* SDWebImagePrefetcher.m */ = {isa = PBXFileReference; fileEncoding = 4; lastKnownFileType = sourcecode.c.objc; path = SDWebImagePrefetcher.m; sourceTree = "<group>"; };
		D3C9EB0B1FE55C8A00D5EEF7 /* UIButton+WebCache.h */ = {isa = PBXFileReference; fileEncoding = 4; lastKnownFileType = sourcecode.c.h; path = "UIButton+WebCache.h"; sourceTree = "<group>"; };
		D3C9EB0C1FE55C8A00D5EEF7 /* UIButton+WebCache.m */ = {isa = PBXFileReference; fileEncoding = 4; lastKnownFileType = sourcecode.c.objc; path = "UIButton+WebCache.m"; sourceTree = "<group>"; };
		D3C9EB0D1FE55C8A00D5EEF7 /* UIImage+GIF.h */ = {isa = PBXFileReference; fileEncoding = 4; lastKnownFileType = sourcecode.c.h; path = "UIImage+GIF.h"; sourceTree = "<group>"; };
		D3C9EB0E1FE55C8A00D5EEF7 /* UIImage+GIF.m */ = {isa = PBXFileReference; fileEncoding = 4; lastKnownFileType = sourcecode.c.objc; path = "UIImage+GIF.m"; sourceTree = "<group>"; };
		D3C9EB0F1FE55C8A00D5EEF7 /* UIImage+MultiFormat.h */ = {isa = PBXFileReference; fileEncoding = 4; lastKnownFileType = sourcecode.c.h; path = "UIImage+MultiFormat.h"; sourceTree = "<group>"; };
		D3C9EB101FE55C8A00D5EEF7 /* UIImage+MultiFormat.m */ = {isa = PBXFileReference; fileEncoding = 4; lastKnownFileType = sourcecode.c.objc; path = "UIImage+MultiFormat.m"; sourceTree = "<group>"; };
		D3C9EB111FE55C8A00D5EEF7 /* UIImage+WebP.h */ = {isa = PBXFileReference; fileEncoding = 4; lastKnownFileType = sourcecode.c.h; path = "UIImage+WebP.h"; sourceTree = "<group>"; };
		D3C9EB121FE55C8A00D5EEF7 /* UIImage+WebP.m */ = {isa = PBXFileReference; fileEncoding = 4; lastKnownFileType = sourcecode.c.objc; path = "UIImage+WebP.m"; sourceTree = "<group>"; };
		D3C9EB131FE55C8A00D5EEF7 /* UIImageView+HighlightedWebCache.h */ = {isa = PBXFileReference; fileEncoding = 4; lastKnownFileType = sourcecode.c.h; path = "UIImageView+HighlightedWebCache.h"; sourceTree = "<group>"; };
		D3C9EB141FE55C8A00D5EEF7 /* UIImageView+HighlightedWebCache.m */ = {isa = PBXFileReference; fileEncoding = 4; lastKnownFileType = sourcecode.c.objc; path = "UIImageView+HighlightedWebCache.m"; sourceTree = "<group>"; };
		D3C9EB151FE55C8A00D5EEF7 /* UIImageView+WebCache.h */ = {isa = PBXFileReference; fileEncoding = 4; lastKnownFileType = sourcecode.c.h; path = "UIImageView+WebCache.h"; sourceTree = "<group>"; };
		D3C9EB161FE55C8A00D5EEF7 /* UIImageView+WebCache.m */ = {isa = PBXFileReference; fileEncoding = 4; lastKnownFileType = sourcecode.c.objc; path = "UIImageView+WebCache.m"; sourceTree = "<group>"; };
		D3C9EB171FE55C8A00D5EEF7 /* UIView+WebCache.h */ = {isa = PBXFileReference; fileEncoding = 4; lastKnownFileType = sourcecode.c.h; path = "UIView+WebCache.h"; sourceTree = "<group>"; };
		D3C9EB181FE55C8A00D5EEF7 /* UIView+WebCache.m */ = {isa = PBXFileReference; fileEncoding = 4; lastKnownFileType = sourcecode.c.objc; path = "UIView+WebCache.m"; sourceTree = "<group>"; };
		D3C9EB191FE55C8A00D5EEF7 /* UIView+WebCacheOperation.h */ = {isa = PBXFileReference; fileEncoding = 4; lastKnownFileType = sourcecode.c.h; path = "UIView+WebCacheOperation.h"; sourceTree = "<group>"; };
		D3C9EB1A1FE55C8A00D5EEF7 /* UIView+WebCacheOperation.m */ = {isa = PBXFileReference; fileEncoding = 4; lastKnownFileType = sourcecode.c.objc; path = "UIView+WebCacheOperation.m"; sourceTree = "<group>"; };
		D3DCA04C1F5727600070869A /* ForgotPasswordVC.swift */ = {isa = PBXFileReference; fileEncoding = 4; lastKnownFileType = sourcecode.swift; name = ForgotPasswordVC.swift; path = ../ForgotPasswordVC.swift; sourceTree = "<group>"; };
		D3DCA04F1F57320F0070869A /* DashboardVC.swift */ = {isa = PBXFileReference; fileEncoding = 4; lastKnownFileType = sourcecode.swift; path = DashboardVC.swift; sourceTree = "<group>"; };
		D3EDF1711F55D8F700D5D82D /* AppUtils.swift */ = {isa = PBXFileReference; fileEncoding = 4; lastKnownFileType = sourcecode.swift; path = AppUtils.swift; sourceTree = "<group>"; };
		D3EDF1721F55D8F700D5D82D /* Constant.swift */ = {isa = PBXFileReference; fileEncoding = 4; lastKnownFileType = sourcecode.swift; path = Constant.swift; sourceTree = "<group>"; };
		D3EDF19D1F55D8F700D5D82D /* IQNSArray+Sort.swift */ = {isa = PBXFileReference; fileEncoding = 4; lastKnownFileType = sourcecode.swift; path = "IQNSArray+Sort.swift"; sourceTree = "<group>"; };
		D3EDF19E1F55D8F700D5D82D /* IQUIScrollView+Additions.swift */ = {isa = PBXFileReference; fileEncoding = 4; lastKnownFileType = sourcecode.swift; path = "IQUIScrollView+Additions.swift"; sourceTree = "<group>"; };
		D3EDF19F1F55D8F700D5D82D /* IQUITextFieldView+Additions.swift */ = {isa = PBXFileReference; fileEncoding = 4; lastKnownFileType = sourcecode.swift; path = "IQUITextFieldView+Additions.swift"; sourceTree = "<group>"; };
		D3EDF1A01F55D8F700D5D82D /* IQUIView+Hierarchy.swift */ = {isa = PBXFileReference; fileEncoding = 4; lastKnownFileType = sourcecode.swift; path = "IQUIView+Hierarchy.swift"; sourceTree = "<group>"; };
		D3EDF1A11F55D8F700D5D82D /* IQUIViewController+Additions.swift */ = {isa = PBXFileReference; fileEncoding = 4; lastKnownFileType = sourcecode.swift; path = "IQUIViewController+Additions.swift"; sourceTree = "<group>"; };
		D3EDF1A21F55D8F700D5D82D /* IQUIWindow+Hierarchy.swift */ = {isa = PBXFileReference; fileEncoding = 4; lastKnownFileType = sourcecode.swift; path = "IQUIWindow+Hierarchy.swift"; sourceTree = "<group>"; };
		D3EDF1A41F55D8F700D5D82D /* IQKeyboardManagerConstants.swift */ = {isa = PBXFileReference; fileEncoding = 4; lastKnownFileType = sourcecode.swift; path = IQKeyboardManagerConstants.swift; sourceTree = "<group>"; };
		D3EDF1A51F55D8F700D5D82D /* IQKeyboardManagerConstantsInternal.swift */ = {isa = PBXFileReference; fileEncoding = 4; lastKnownFileType = sourcecode.swift; path = IQKeyboardManagerConstantsInternal.swift; sourceTree = "<group>"; };
		D3EDF1A61F55D8F700D5D82D /* IQKeyboardManager.swift */ = {isa = PBXFileReference; fileEncoding = 4; lastKnownFileType = sourcecode.swift; path = IQKeyboardManager.swift; sourceTree = "<group>"; };
		D3EDF1A71F55D8F700D5D82D /* IQKeyboardManagerSwift.h */ = {isa = PBXFileReference; fileEncoding = 4; lastKnownFileType = sourcecode.c.h; path = IQKeyboardManagerSwift.h; sourceTree = "<group>"; };
		D3EDF1A81F55D8F700D5D82D /* IQKeyboardReturnKeyHandler.swift */ = {isa = PBXFileReference; fileEncoding = 4; lastKnownFileType = sourcecode.swift; path = IQKeyboardReturnKeyHandler.swift; sourceTree = "<group>"; };
		D3EDF1AA1F55D8F700D5D82D /* IQTextView.swift */ = {isa = PBXFileReference; fileEncoding = 4; lastKnownFileType = sourcecode.swift; path = IQTextView.swift; sourceTree = "<group>"; };
		D3EDF1AC1F55D8F700D5D82D /* IQBarButtonItem.swift */ = {isa = PBXFileReference; fileEncoding = 4; lastKnownFileType = sourcecode.swift; path = IQBarButtonItem.swift; sourceTree = "<group>"; };
		D3EDF1AD1F55D8F700D5D82D /* IQPreviousNextView.swift */ = {isa = PBXFileReference; fileEncoding = 4; lastKnownFileType = sourcecode.swift; path = IQPreviousNextView.swift; sourceTree = "<group>"; };
		D3EDF1AE1F55D8F700D5D82D /* IQTitleBarButtonItem.swift */ = {isa = PBXFileReference; fileEncoding = 4; lastKnownFileType = sourcecode.swift; path = IQTitleBarButtonItem.swift; sourceTree = "<group>"; };
		D3EDF1AF1F55D8F700D5D82D /* IQToolbar.swift */ = {isa = PBXFileReference; fileEncoding = 4; lastKnownFileType = sourcecode.swift; path = IQToolbar.swift; sourceTree = "<group>"; };
		D3EDF1B01F55D8F700D5D82D /* IQUIView+IQKeyboardToolbar.swift */ = {isa = PBXFileReference; fileEncoding = 4; lastKnownFileType = sourcecode.swift; path = "IQUIView+IQKeyboardToolbar.swift"; sourceTree = "<group>"; };
		D3EDF1B21F55D8F700D5D82D /* IQKeyboardManager.bundle */ = {isa = PBXFileReference; lastKnownFileType = "wrapper.plug-in"; path = IQKeyboardManager.bundle; sourceTree = "<group>"; };
		D3EDF1B51F55D8F700D5D82D /* AFError.swift */ = {isa = PBXFileReference; fileEncoding = 4; lastKnownFileType = sourcecode.swift; path = AFError.swift; sourceTree = "<group>"; };
		D3EDF1B61F55D8F700D5D82D /* Alamofire.h */ = {isa = PBXFileReference; fileEncoding = 4; lastKnownFileType = sourcecode.c.h; path = Alamofire.h; sourceTree = "<group>"; };
		D3EDF1B71F55D8F700D5D82D /* Alamofire.swift */ = {isa = PBXFileReference; fileEncoding = 4; lastKnownFileType = sourcecode.swift; path = Alamofire.swift; sourceTree = "<group>"; };
		D3EDF1B81F55D8F700D5D82D /* DispatchQueue+Alamofire.swift */ = {isa = PBXFileReference; fileEncoding = 4; lastKnownFileType = sourcecode.swift; path = "DispatchQueue+Alamofire.swift"; sourceTree = "<group>"; };
		D3EDF1B91F55D8F700D5D82D /* Info.plist */ = {isa = PBXFileReference; fileEncoding = 4; lastKnownFileType = text.plist.xml; path = Info.plist; sourceTree = "<group>"; };
		D3EDF1BA1F55D8F700D5D82D /* MultipartFormData.swift */ = {isa = PBXFileReference; fileEncoding = 4; lastKnownFileType = sourcecode.swift; path = MultipartFormData.swift; sourceTree = "<group>"; };
		D3EDF1BB1F55D8F700D5D82D /* NetworkReachabilityManager.swift */ = {isa = PBXFileReference; fileEncoding = 4; lastKnownFileType = sourcecode.swift; path = NetworkReachabilityManager.swift; sourceTree = "<group>"; };
		D3EDF1BC1F55D8F700D5D82D /* Notifications.swift */ = {isa = PBXFileReference; fileEncoding = 4; lastKnownFileType = sourcecode.swift; path = Notifications.swift; sourceTree = "<group>"; };
		D3EDF1BD1F55D8F700D5D82D /* ParameterEncoding.swift */ = {isa = PBXFileReference; fileEncoding = 4; lastKnownFileType = sourcecode.swift; path = ParameterEncoding.swift; sourceTree = "<group>"; };
		D3EDF1BE1F55D8F700D5D82D /* Request.swift */ = {isa = PBXFileReference; fileEncoding = 4; lastKnownFileType = sourcecode.swift; path = Request.swift; sourceTree = "<group>"; };
		D3EDF1BF1F55D8F700D5D82D /* Response.swift */ = {isa = PBXFileReference; fileEncoding = 4; lastKnownFileType = sourcecode.swift; path = Response.swift; sourceTree = "<group>"; };
		D3EDF1C01F55D8F700D5D82D /* ResponseSerialization.swift */ = {isa = PBXFileReference; fileEncoding = 4; lastKnownFileType = sourcecode.swift; path = ResponseSerialization.swift; sourceTree = "<group>"; };
		D3EDF1C11F55D8F700D5D82D /* Result.swift */ = {isa = PBXFileReference; fileEncoding = 4; lastKnownFileType = sourcecode.swift; path = Result.swift; sourceTree = "<group>"; };
		D3EDF1C21F55D8F700D5D82D /* ServerTrustPolicy.swift */ = {isa = PBXFileReference; fileEncoding = 4; lastKnownFileType = sourcecode.swift; path = ServerTrustPolicy.swift; sourceTree = "<group>"; };
		D3EDF1C31F55D8F700D5D82D /* SessionDelegate.swift */ = {isa = PBXFileReference; fileEncoding = 4; lastKnownFileType = sourcecode.swift; path = SessionDelegate.swift; sourceTree = "<group>"; };
		D3EDF1C41F55D8F700D5D82D /* SessionManager.swift */ = {isa = PBXFileReference; fileEncoding = 4; lastKnownFileType = sourcecode.swift; path = SessionManager.swift; sourceTree = "<group>"; };
		D3EDF1C51F55D8F700D5D82D /* TaskDelegate.swift */ = {isa = PBXFileReference; fileEncoding = 4; lastKnownFileType = sourcecode.swift; path = TaskDelegate.swift; sourceTree = "<group>"; };
		D3EDF1C61F55D8F700D5D82D /* Timeline.swift */ = {isa = PBXFileReference; fileEncoding = 4; lastKnownFileType = sourcecode.swift; path = Timeline.swift; sourceTree = "<group>"; };
		D3EDF1C71F55D8F700D5D82D /* Validation.swift */ = {isa = PBXFileReference; fileEncoding = 4; lastKnownFileType = sourcecode.swift; path = Validation.swift; sourceTree = "<group>"; };
		D3EDF1C81F55D8F700D5D82D /* SwiftyJSON.h */ = {isa = PBXFileReference; fileEncoding = 4; lastKnownFileType = sourcecode.c.h; path = SwiftyJSON.h; sourceTree = "<group>"; };
		D3EDF1C91F55D8F700D5D82D /* SwiftyJSON.swift */ = {isa = PBXFileReference; fileEncoding = 4; lastKnownFileType = sourcecode.swift; path = SwiftyJSON.swift; sourceTree = "<group>"; };
		D3EDF1CB1F55D8F700D5D82D /* JVFloatLabeledTextField.h */ = {isa = PBXFileReference; fileEncoding = 4; lastKnownFileType = sourcecode.c.h; path = JVFloatLabeledTextField.h; sourceTree = "<group>"; };
		D3EDF1CC1F55D8F700D5D82D /* JVFloatLabeledTextField.m */ = {isa = PBXFileReference; fileEncoding = 4; lastKnownFileType = sourcecode.c.objc; path = JVFloatLabeledTextField.m; sourceTree = "<group>"; };
		D3EDF1CD1F55D8F700D5D82D /* JVFloatLabeledTextView.h */ = {isa = PBXFileReference; fileEncoding = 4; lastKnownFileType = sourcecode.c.h; path = JVFloatLabeledTextView.h; sourceTree = "<group>"; };
		D3EDF1CE1F55D8F700D5D82D /* JVFloatLabeledTextView.m */ = {isa = PBXFileReference; fileEncoding = 4; lastKnownFileType = sourcecode.c.objc; path = JVFloatLabeledTextView.m; sourceTree = "<group>"; };
		D3EDF1CF1F55D8F700D5D82D /* NSString+TextDirectionality.h */ = {isa = PBXFileReference; fileEncoding = 4; lastKnownFileType = sourcecode.c.h; path = "NSString+TextDirectionality.h"; sourceTree = "<group>"; };
		D3EDF1D01F55D8F700D5D82D /* NSString+TextDirectionality.m */ = {isa = PBXFileReference; fileEncoding = 4; lastKnownFileType = sourcecode.c.objc; path = "NSString+TextDirectionality.m"; sourceTree = "<group>"; };
		D3EDF24C1F55DAE000D5D82D /* Portfolio-Bridging-Header.h */ = {isa = PBXFileReference; lastKnownFileType = sourcecode.c.h; path = "Portfolio-Bridging-Header.h"; sourceTree = "<group>"; };
		D567EE9B1F5A816F00B647FF /* EntitiesViewController.swift */ = {isa = PBXFileReference; fileEncoding = 4; lastKnownFileType = sourcecode.swift; path = EntitiesViewController.swift; sourceTree = "<group>"; };
		D567EE9D1F5A9AC000B647FF /* NewsViewController.swift */ = {isa = PBXFileReference; fileEncoding = 4; lastKnownFileType = sourcecode.swift; path = NewsViewController.swift; sourceTree = "<group>"; };
		D57B9D311F62FB9100BE44FB /* TeamDetailViewController.swift */ = {isa = PBXFileReference; fileEncoding = 4; lastKnownFileType = sourcecode.swift; path = TeamDetailViewController.swift; sourceTree = "<group>"; };
		D57B9D331F6315EB00BE44FB /* EntityDetailViewController.swift */ = {isa = PBXFileReference; fileEncoding = 4; lastKnownFileType = sourcecode.swift; path = EntityDetailViewController.swift; sourceTree = "<group>"; };
		D5902AE51F65645E00AE2F1A /* FinancialSummaryViewController.swift */ = {isa = PBXFileReference; fileEncoding = 4; lastKnownFileType = sourcecode.swift; name = FinancialSummaryViewController.swift; path = Dashboard/FinancialSummaryViewController.swift; sourceTree = "<group>"; };
		D59605CB1F5AC66100AE343B /* ContactsViewController.swift */ = {isa = PBXFileReference; fileEncoding = 4; lastKnownFileType = sourcecode.swift; path = ContactsViewController.swift; sourceTree = "<group>"; };
		D59605CD1F5AC8A100AE343B /* DocumentsViewController.swift */ = {isa = PBXFileReference; fileEncoding = 4; lastKnownFileType = sourcecode.swift; path = DocumentsViewController.swift; sourceTree = "<group>"; };
		D5B799FC1F5C596800BB1A9E /* CompanyViewController.swift */ = {isa = PBXFileReference; fileEncoding = 4; lastKnownFileType = sourcecode.swift; path = CompanyViewController.swift; sourceTree = "<group>"; };
		D5F2589C1F5B0B4200429374 /* TeamViewController.swift */ = {isa = PBXFileReference; fileEncoding = 4; lastKnownFileType = sourcecode.swift; path = TeamViewController.swift; sourceTree = "<group>"; };
/* End PBXFileReference section */

/* Begin PBXFrameworksBuildPhase section */
		D3307B431F55D3B9007736A4 /* Frameworks */ = {
			isa = PBXFrameworksBuildPhase;
			buildActionMask = 2147483647;
			files = (
				D38F849920092CEB00804DB2 /* MessageUI.framework in Frameworks */,
				D3C9EAF21FE55C3400D5EEF7 /* QuartzCore.framework in Frameworks */,
			);
			runOnlyForDeploymentPostprocessing = 0;
		};
/* End PBXFrameworksBuildPhase section */

/* Begin PBXGroup section */
		D3307B3D1F55D3B9007736A4 = {
			isa = PBXGroup;
			children = (
				D3307B481F55D3B9007736A4 /* Portfolio */,
				D3307B471F55D3B9007736A4 /* Products */,
				D3C9EAF01FE55C3400D5EEF7 /* Frameworks */,
			);
			sourceTree = "<group>";
		};
		D3307B471F55D3B9007736A4 /* Products */ = {
			isa = PBXGroup;
			children = (
				D3307B461F55D3B9007736A4 /* Portfolio.app */,
			);
			name = Products;
			sourceTree = "<group>";
		};
		D3307B481F55D3B9007736A4 /* Portfolio */ = {
			isa = PBXGroup;
			children = (
				D3C9EAF31FE55C8A00D5EEF7 /* SDWebImage */,
				D3DCA04E1F5732000070869A /* Dashboard */,
				D3EDF1701F55D8F700D5D82D /* Utility */,
				D3EDF19B1F55D8F700D5D82D /* IQKeyboardManagerSwift */,
				D3EDF1B31F55D8F700D5D82D /* WebServiceClass */,
				D3EDF1CA1F55D8F700D5D82D /* JVFloatLabeledTextField */,
				D3307B5B1F55D5DB007736A4 /* Sidebar */,
				D3307B491F55D3B9007736A4 /* AppDelegate.swift */,
				D3307B4B1F55D3B9007736A4 /* ViewController.swift */,
				D3307B4D1F55D3B9007736A4 /* Main.storyboard */,
				D3307B501F55D3B9007736A4 /* Assets.xcassets */,
				D3307B521F55D3B9007736A4 /* LaunchScreen.storyboard */,
				D3307B551F55D3B9007736A4 /* Info.plist */,
				D3EDF24C1F55DAE000D5D82D /* Portfolio-Bridging-Header.h */,
				D567EE9B1F5A816F00B647FF /* EntitiesViewController.swift */,
				D567EE9D1F5A9AC000B647FF /* NewsViewController.swift */,
				D5902AE51F65645E00AE2F1A /* FinancialSummaryViewController.swift */,
				D59605CB1F5AC66100AE343B /* ContactsViewController.swift */,
				D59605CD1F5AC8A100AE343B /* DocumentsViewController.swift */,
				D5F2589C1F5B0B4200429374 /* TeamViewController.swift */,
				D5B799FC1F5C596800BB1A9E /* CompanyViewController.swift */,
				D57B9D311F62FB9100BE44FB /* TeamDetailViewController.swift */,
				D57B9D331F6315EB00BE44FB /* EntityDetailViewController.swift */,
				D3446FD520013A0D0093267C /* OpenEcternalLinkVC.swift */,
				D30CE5B520024B2E00E91DD7 /* DocumentsDetailsVC.swift */,
				D3B0CA072005364100064BFA /* FundDetailVC.swift */,
			);
			path = Portfolio;
			sourceTree = "<group>";
		};
		D3307B5B1F55D5DB007736A4 /* Sidebar */ = {
			isa = PBXGroup;
			children = (
				D3DCA04C1F5727600070869A /* ForgotPasswordVC.swift */,
				D3307B5E1F55D67E007736A4 /* SideMenuController.swift */,
				D3307B5C1F55D5DB007736A4 /* SJSwiftSideMenuController.swift */,
			);
			path = Sidebar;
			sourceTree = "<group>";
		};
		D3C9EAF01FE55C3400D5EEF7 /* Frameworks */ = {
			isa = PBXGroup;
			children = (
				D38F849820092CEB00804DB2 /* MessageUI.framework */,
				D3C9EAF11FE55C3400D5EEF7 /* QuartzCore.framework */,
			);
			name = Frameworks;
			sourceTree = "<group>";
		};
		D3C9EAF31FE55C8A00D5EEF7 /* SDWebImage */ = {
			isa = PBXGroup;
			children = (
				D3C9EAF41FE55C8A00D5EEF7 /* MKAnnotationView+WebCache.h */,
				D3C9EAF51FE55C8A00D5EEF7 /* MKAnnotationView+WebCache.m */,
				D3C9EAF61FE55C8A00D5EEF7 /* NSData+ImageContentType.h */,
				D3C9EAF71FE55C8A00D5EEF7 /* NSData+ImageContentType.m */,
				D3C9EAF81FE55C8A00D5EEF7 /* NSImage+WebCache.h */,
				D3C9EAF91FE55C8A00D5EEF7 /* NSImage+WebCache.m */,
				D3C9EAFA1FE55C8A00D5EEF7 /* SDImageCache.h */,
				D3C9EAFB1FE55C8A00D5EEF7 /* SDImageCache.m */,
				D3C9EAFC1FE55C8A00D5EEF7 /* SDImageCacheConfig.h */,
				D3C9EAFD1FE55C8A00D5EEF7 /* SDImageCacheConfig.m */,
				D3C9EAFE1FE55C8A00D5EEF7 /* SDWebImageCompat.h */,
				D3C9EAFF1FE55C8A00D5EEF7 /* SDWebImageCompat.m */,
				D3C9EB001FE55C8A00D5EEF7 /* SDWebImageDecoder.h */,
				D3C9EB011FE55C8A00D5EEF7 /* SDWebImageDecoder.m */,
				D3C9EB021FE55C8A00D5EEF7 /* SDWebImageDownloader.h */,
				D3C9EB031FE55C8A00D5EEF7 /* SDWebImageDownloader.m */,
				D3C9EB041FE55C8A00D5EEF7 /* SDWebImageDownloaderOperation.h */,
				D3C9EB051FE55C8A00D5EEF7 /* SDWebImageDownloaderOperation.m */,
				D3C9EB061FE55C8A00D5EEF7 /* SDWebImageManager.h */,
				D3C9EB071FE55C8A00D5EEF7 /* SDWebImageManager.m */,
				D3C9EB081FE55C8A00D5EEF7 /* SDWebImageOperation.h */,
				D3C9EB091FE55C8A00D5EEF7 /* SDWebImagePrefetcher.h */,
				D3C9EB0A1FE55C8A00D5EEF7 /* SDWebImagePrefetcher.m */,
				D3C9EB0B1FE55C8A00D5EEF7 /* UIButton+WebCache.h */,
				D3C9EB0C1FE55C8A00D5EEF7 /* UIButton+WebCache.m */,
				D3C9EB0D1FE55C8A00D5EEF7 /* UIImage+GIF.h */,
				D3C9EB0E1FE55C8A00D5EEF7 /* UIImage+GIF.m */,
				D3C9EB0F1FE55C8A00D5EEF7 /* UIImage+MultiFormat.h */,
				D3C9EB101FE55C8A00D5EEF7 /* UIImage+MultiFormat.m */,
				D3C9EB111FE55C8A00D5EEF7 /* UIImage+WebP.h */,
				D3C9EB121FE55C8A00D5EEF7 /* UIImage+WebP.m */,
				D3C9EB131FE55C8A00D5EEF7 /* UIImageView+HighlightedWebCache.h */,
				D3C9EB141FE55C8A00D5EEF7 /* UIImageView+HighlightedWebCache.m */,
				D3C9EB151FE55C8A00D5EEF7 /* UIImageView+WebCache.h */,
				D3C9EB161FE55C8A00D5EEF7 /* UIImageView+WebCache.m */,
				D3C9EB171FE55C8A00D5EEF7 /* UIView+WebCache.h */,
				D3C9EB181FE55C8A00D5EEF7 /* UIView+WebCache.m */,
				D3C9EB191FE55C8A00D5EEF7 /* UIView+WebCacheOperation.h */,
				D3C9EB1A1FE55C8A00D5EEF7 /* UIView+WebCacheOperation.m */,
			);
			name = SDWebImage;
			path = Utility/SDWebImage;
			sourceTree = "<group>";
		};
		D3DCA04E1F5732000070869A /* Dashboard */ = {
			isa = PBXGroup;
			children = (
				D3DCA04F1F57320F0070869A /* DashboardVC.swift */,
			);
			path = Dashboard;
			sourceTree = "<group>";
		};
		D3EDF1701F55D8F700D5D82D /* Utility */ = {
			isa = PBXGroup;
			children = (
				D3EDF1711F55D8F700D5D82D /* AppUtils.swift */,
				D3EDF1721F55D8F700D5D82D /* Constant.swift */,
			);
			path = Utility;
			sourceTree = "<group>";
		};
		D3EDF19B1F55D8F700D5D82D /* IQKeyboardManagerSwift */ = {
			isa = PBXGroup;
			children = (
				D3EDF19C1F55D8F700D5D82D /* Categories */,
				D3EDF1A31F55D8F700D5D82D /* Constants */,
				D3EDF1A61F55D8F700D5D82D /* IQKeyboardManager.swift */,
				D3EDF1A71F55D8F700D5D82D /* IQKeyboardManagerSwift.h */,
				D3EDF1A81F55D8F700D5D82D /* IQKeyboardReturnKeyHandler.swift */,
				D3EDF1A91F55D8F700D5D82D /* IQTextView */,
				D3EDF1AB1F55D8F700D5D82D /* IQToolbar */,
				D3EDF1B11F55D8F700D5D82D /* Resources */,
			);
			path = IQKeyboardManagerSwift;
			sourceTree = "<group>";
		};
		D3EDF19C1F55D8F700D5D82D /* Categories */ = {
			isa = PBXGroup;
			children = (
				D3EDF19D1F55D8F700D5D82D /* IQNSArray+Sort.swift */,
				D3EDF19E1F55D8F700D5D82D /* IQUIScrollView+Additions.swift */,
				D3EDF19F1F55D8F700D5D82D /* IQUITextFieldView+Additions.swift */,
				D3EDF1A01F55D8F700D5D82D /* IQUIView+Hierarchy.swift */,
				D3EDF1A11F55D8F700D5D82D /* IQUIViewController+Additions.swift */,
				D3EDF1A21F55D8F700D5D82D /* IQUIWindow+Hierarchy.swift */,
			);
			path = Categories;
			sourceTree = "<group>";
		};
		D3EDF1A31F55D8F700D5D82D /* Constants */ = {
			isa = PBXGroup;
			children = (
				D3EDF1A41F55D8F700D5D82D /* IQKeyboardManagerConstants.swift */,
				D3EDF1A51F55D8F700D5D82D /* IQKeyboardManagerConstantsInternal.swift */,
			);
			path = Constants;
			sourceTree = "<group>";
		};
		D3EDF1A91F55D8F700D5D82D /* IQTextView */ = {
			isa = PBXGroup;
			children = (
				D3EDF1AA1F55D8F700D5D82D /* IQTextView.swift */,
			);
			path = IQTextView;
			sourceTree = "<group>";
		};
		D3EDF1AB1F55D8F700D5D82D /* IQToolbar */ = {
			isa = PBXGroup;
			children = (
				D3EDF1AC1F55D8F700D5D82D /* IQBarButtonItem.swift */,
				D3EDF1AD1F55D8F700D5D82D /* IQPreviousNextView.swift */,
				D3EDF1AE1F55D8F700D5D82D /* IQTitleBarButtonItem.swift */,
				D3EDF1AF1F55D8F700D5D82D /* IQToolbar.swift */,
				D3EDF1B01F55D8F700D5D82D /* IQUIView+IQKeyboardToolbar.swift */,
			);
			path = IQToolbar;
			sourceTree = "<group>";
		};
		D3EDF1B11F55D8F700D5D82D /* Resources */ = {
			isa = PBXGroup;
			children = (
				D3EDF1B21F55D8F700D5D82D /* IQKeyboardManager.bundle */,
			);
			path = Resources;
			sourceTree = "<group>";
		};
		D3EDF1B31F55D8F700D5D82D /* WebServiceClass */ = {
			isa = PBXGroup;
			children = (
				D3EDF1B41F55D8F700D5D82D /* Source */,
				D3EDF1C81F55D8F700D5D82D /* SwiftyJSON.h */,
				D3EDF1C91F55D8F700D5D82D /* SwiftyJSON.swift */,
			);
			path = WebServiceClass;
			sourceTree = "<group>";
		};
		D3EDF1B41F55D8F700D5D82D /* Source */ = {
			isa = PBXGroup;
			children = (
				D3EDF1B51F55D8F700D5D82D /* AFError.swift */,
				D3EDF1B61F55D8F700D5D82D /* Alamofire.h */,
				D3EDF1B71F55D8F700D5D82D /* Alamofire.swift */,
				D3EDF1B81F55D8F700D5D82D /* DispatchQueue+Alamofire.swift */,
				D3EDF1B91F55D8F700D5D82D /* Info.plist */,
				D3EDF1BA1F55D8F700D5D82D /* MultipartFormData.swift */,
				D3EDF1BB1F55D8F700D5D82D /* NetworkReachabilityManager.swift */,
				D3EDF1BC1F55D8F700D5D82D /* Notifications.swift */,
				D3EDF1BD1F55D8F700D5D82D /* ParameterEncoding.swift */,
				D3EDF1BE1F55D8F700D5D82D /* Request.swift */,
				D3EDF1BF1F55D8F700D5D82D /* Response.swift */,
				D3EDF1C01F55D8F700D5D82D /* ResponseSerialization.swift */,
				D3EDF1C11F55D8F700D5D82D /* Result.swift */,
				D3EDF1C21F55D8F700D5D82D /* ServerTrustPolicy.swift */,
				D3EDF1C31F55D8F700D5D82D /* SessionDelegate.swift */,
				D3EDF1C41F55D8F700D5D82D /* SessionManager.swift */,
				D3EDF1C51F55D8F700D5D82D /* TaskDelegate.swift */,
				D3EDF1C61F55D8F700D5D82D /* Timeline.swift */,
				D3EDF1C71F55D8F700D5D82D /* Validation.swift */,
			);
			path = Source;
			sourceTree = "<group>";
		};
		D3EDF1CA1F55D8F700D5D82D /* JVFloatLabeledTextField */ = {
			isa = PBXGroup;
			children = (
				D3EDF1CB1F55D8F700D5D82D /* JVFloatLabeledTextField.h */,
				D3EDF1CC1F55D8F700D5D82D /* JVFloatLabeledTextField.m */,
				D3EDF1CD1F55D8F700D5D82D /* JVFloatLabeledTextView.h */,
				D3EDF1CE1F55D8F700D5D82D /* JVFloatLabeledTextView.m */,
				D3EDF1CF1F55D8F700D5D82D /* NSString+TextDirectionality.h */,
				D3EDF1D01F55D8F700D5D82D /* NSString+TextDirectionality.m */,
			);
			path = JVFloatLabeledTextField;
			sourceTree = "<group>";
		};
/* End PBXGroup section */

/* Begin PBXNativeTarget section */
		D3307B451F55D3B9007736A4 /* Portfolio */ = {
			isa = PBXNativeTarget;
			buildConfigurationList = D3307B581F55D3B9007736A4 /* Build configuration list for PBXNativeTarget "Portfolio" */;
			buildPhases = (
				D3307B421F55D3B9007736A4 /* Sources */,
				D3307B431F55D3B9007736A4 /* Frameworks */,
				D3307B441F55D3B9007736A4 /* Resources */,
			);
			buildRules = (
			);
			dependencies = (
			);
			name = Portfolio;
			productName = Portfolio;
			productReference = D3307B461F55D3B9007736A4 /* Portfolio.app */;
			productType = "com.apple.product-type.application";
		};
/* End PBXNativeTarget section */

/* Begin PBXProject section */
		D3307B3E1F55D3B9007736A4 /* Project object */ = {
			isa = PBXProject;
			attributes = {
				LastSwiftUpdateCheck = 0830;
				LastUpgradeCheck = 0830;
				ORGANIZATIONNAME = Niyati;
				TargetAttributes = {
					D3307B451F55D3B9007736A4 = {
						CreatedOnToolsVersion = 8.3.3;
						DevelopmentTeam = P7LEFGE66S;
						ProvisioningStyle = Manual;
					};
				};
			};
			buildConfigurationList = D3307B411F55D3B9007736A4 /* Build configuration list for PBXProject "Portfolio" */;
			compatibilityVersion = "Xcode 3.2";
			developmentRegion = English;
			hasScannedForEncodings = 0;
			knownRegions = (
				en,
				Base,
			);
			mainGroup = D3307B3D1F55D3B9007736A4;
			productRefGroup = D3307B471F55D3B9007736A4 /* Products */;
			projectDirPath = "";
			projectRoot = "";
			targets = (
				D3307B451F55D3B9007736A4 /* Portfolio */,
			);
		};
/* End PBXProject section */

/* Begin PBXResourcesBuildPhase section */
		D3307B441F55D3B9007736A4 /* Resources */ = {
			isa = PBXResourcesBuildPhase;
			buildActionMask = 2147483647;
			files = (
				D3307B541F55D3B9007736A4 /* LaunchScreen.storyboard in Resources */,
				D3307B511F55D3B9007736A4 /* Assets.xcassets in Resources */,
				D3EDF1F61F55D8F800D5D82D /* IQKeyboardManager.bundle in Resources */,
				D3EDF1FA1F55D8F800D5D82D /* Info.plist in Resources */,
				D3307B4F1F55D3B9007736A4 /* Main.storyboard in Resources */,
			);
			runOnlyForDeploymentPostprocessing = 0;
		};
/* End PBXResourcesBuildPhase section */

/* Begin PBXSourcesBuildPhase section */
		D3307B421F55D3B9007736A4 /* Sources */ = {
			isa = PBXSourcesBuildPhase;
			buildActionMask = 2147483647;
			files = (
				D5F2589D1F5B0B4200429374 /* TeamViewController.swift in Sources */,
				D3C9EB241FE55C8A00D5EEF7 /* SDWebImageManager.m in Sources */,
				D3C9EB1E1FE55C8A00D5EEF7 /* SDImageCache.m in Sources */,
				D3EDF1FD1F55D8F800D5D82D /* Notifications.swift in Sources */,
				D3EDF2041F55D8F800D5D82D /* SessionDelegate.swift in Sources */,
				D3EDF1E61F55D8F800D5D82D /* IQNSArray+Sort.swift in Sources */,
				D3EDF1D11F55D8F700D5D82D /* AppUtils.swift in Sources */,
				D3EDF1F11F55D8F800D5D82D /* IQBarButtonItem.swift in Sources */,
				D3C9EB281FE55C8A00D5EEF7 /* UIImage+MultiFormat.m in Sources */,
				D3EDF20C1F55D8F800D5D82D /* NSString+TextDirectionality.m in Sources */,
				D3DCA0501F57320F0070869A /* DashboardVC.swift in Sources */,
				D3EDF2071F55D8F800D5D82D /* Timeline.swift in Sources */,
				D567EE9E1F5A9AC000B647FF /* NewsViewController.swift in Sources */,
				D3307B5D1F55D5DB007736A4 /* SJSwiftSideMenuController.swift in Sources */,
				D3EDF2081F55D8F800D5D82D /* Validation.swift in Sources */,
				D3C9EB271FE55C8A00D5EEF7 /* UIImage+GIF.m in Sources */,
				D3446FD620013A0D0093267C /* OpenEcternalLinkVC.swift in Sources */,
				D3EDF2021F55D8F800D5D82D /* Result.swift in Sources */,
				D3EDF1EA1F55D8F800D5D82D /* IQUIViewController+Additions.swift in Sources */,
				D3C9EB251FE55C8A00D5EEF7 /* SDWebImagePrefetcher.m in Sources */,
				D3EDF1F31F55D8F800D5D82D /* IQTitleBarButtonItem.swift in Sources */,
				D3C9EB2D1FE55C8A00D5EEF7 /* UIView+WebCacheOperation.m in Sources */,
				D3EDF2061F55D8F800D5D82D /* TaskDelegate.swift in Sources */,
				D3EDF1ED1F55D8F800D5D82D /* IQKeyboardManagerConstantsInternal.swift in Sources */,
				D3EDF1EF1F55D8F800D5D82D /* IQKeyboardReturnKeyHandler.swift in Sources */,
				D3C9EB1C1FE55C8A00D5EEF7 /* NSData+ImageContentType.m in Sources */,
				D3EDF2031F55D8F800D5D82D /* ServerTrustPolicy.swift in Sources */,
				D3EDF2091F55D8F800D5D82D /* SwiftyJSON.swift in Sources */,
				D3EDF1FC1F55D8F800D5D82D /* NetworkReachabilityManager.swift in Sources */,
				D3C9EB261FE55C8A00D5EEF7 /* UIButton+WebCache.m in Sources */,
				D3307B5F1F55D67E007736A4 /* SideMenuController.swift in Sources */,
				D3C9EB2B1FE55C8A00D5EEF7 /* UIImageView+WebCache.m in Sources */,
				D3EDF20B1F55D8F800D5D82D /* JVFloatLabeledTextView.m in Sources */,
				D3C9EB1B1FE55C8A00D5EEF7 /* MKAnnotationView+WebCache.m in Sources */,
				D3B0CA082005364100064BFA /* FundDetailVC.swift in Sources */,
				D3C9EB221FE55C8A00D5EEF7 /* SDWebImageDownloader.m in Sources */,
				D3EDF1E91F55D8F800D5D82D /* IQUIView+Hierarchy.swift in Sources */,
				D57B9D341F6315EB00BE44FB /* EntityDetailViewController.swift in Sources */,
				D3C9EB291FE55C8A00D5EEF7 /* UIImage+WebP.m in Sources */,
				D3EDF2001F55D8F800D5D82D /* Response.swift in Sources */,
				D3307B4C1F55D3B9007736A4 /* ViewController.swift in Sources */,
				D59605CE1F5AC8A100AE343B /* DocumentsViewController.swift in Sources */,
				D3EDF1FF1F55D8F800D5D82D /* Request.swift in Sources */,
				D3EDF1F41F55D8F800D5D82D /* IQToolbar.swift in Sources */,
				D3EDF1FB1F55D8F800D5D82D /* MultipartFormData.swift in Sources */,
				D3EDF1F21F55D8F800D5D82D /* IQPreviousNextView.swift in Sources */,
				D3EDF1EB1F55D8F800D5D82D /* IQUIWindow+Hierarchy.swift in Sources */,
				D3EDF1F51F55D8F800D5D82D /* IQUIView+IQKeyboardToolbar.swift in Sources */,
				D3C9EB201FE55C8A00D5EEF7 /* SDWebImageCompat.m in Sources */,
				D30CE5B620024B2E00E91DD7 /* DocumentsDetailsVC.swift in Sources */,
				D3EDF1E71F55D8F800D5D82D /* IQUIScrollView+Additions.swift in Sources */,
				D5902AE61F65645E00AE2F1A /* FinancialSummaryViewController.swift in Sources */,
				D3307B4A1F55D3B9007736A4 /* AppDelegate.swift in Sources */,
				D567EE9C1F5A816F00B647FF /* EntitiesViewController.swift in Sources */,
				D3C9EB2C1FE55C8A00D5EEF7 /* UIView+WebCache.m in Sources */,
				D3EDF1D21F55D8F700D5D82D /* Constant.swift in Sources */,
				D3C9EB211FE55C8A00D5EEF7 /* SDWebImageDecoder.m in Sources */,
				D3EDF1F01F55D8F800D5D82D /* IQTextView.swift in Sources */,
				D5B799FD1F5C596800BB1A9E /* CompanyViewController.swift in Sources */,
				D57B9D321F62FB9100BE44FB /* TeamDetailViewController.swift in Sources */,
				D3EDF2051F55D8F800D5D82D /* SessionManager.swift in Sources */,
				D3DCA04D1F5727600070869A /* ForgotPasswordVC.swift in Sources */,
				D3EDF20A1F55D8F800D5D82D /* JVFloatLabeledTextField.m in Sources */,
				D3EDF1F71F55D8F800D5D82D /* AFError.swift in Sources */,
				D59605CC1F5AC66100AE343B /* ContactsViewController.swift in Sources */,
				D3EDF1EE1F55D8F800D5D82D /* IQKeyboardManager.swift in Sources */,
				D3C9EB1D1FE55C8A00D5EEF7 /* NSImage+WebCache.m in Sources */,
				D3EDF2011F55D8F800D5D82D /* ResponseSerialization.swift in Sources */,
				D3EDF1EC1F55D8F800D5D82D /* IQKeyboardManagerConstants.swift in Sources */,
				D3EDF1FE1F55D8F800D5D82D /* ParameterEncoding.swift in Sources */,
				D3EDF1F91F55D8F800D5D82D /* DispatchQueue+Alamofire.swift in Sources */,
				D3EDF1F81F55D8F800D5D82D /* Alamofire.swift in Sources */,
				D3C9EB231FE55C8A00D5EEF7 /* SDWebImageDownloaderOperation.m in Sources */,
				D3C9EB1F1FE55C8A00D5EEF7 /* SDImageCacheConfig.m in Sources */,
				D3C9EB2A1FE55C8A00D5EEF7 /* UIImageView+HighlightedWebCache.m in Sources */,
				D3EDF1E81F55D8F800D5D82D /* IQUITextFieldView+Additions.swift in Sources */,
			);
			runOnlyForDeploymentPostprocessing = 0;
		};
/* End PBXSourcesBuildPhase section */

/* Begin PBXVariantGroup section */
		D3307B4D1F55D3B9007736A4 /* Main.storyboard */ = {
			isa = PBXVariantGroup;
			children = (
				D3307B4E1F55D3B9007736A4 /* Base */,
			);
			name = Main.storyboard;
			sourceTree = "<group>";
		};
		D3307B521F55D3B9007736A4 /* LaunchScreen.storyboard */ = {
			isa = PBXVariantGroup;
			children = (
				D3307B531F55D3B9007736A4 /* Base */,
			);
			name = LaunchScreen.storyboard;
			sourceTree = "<group>";
		};
/* End PBXVariantGroup section */

/* Begin XCBuildConfiguration section */
		D3307B561F55D3B9007736A4 /* Debug */ = {
			isa = XCBuildConfiguration;
			buildSettings = {
				ALWAYS_SEARCH_USER_PATHS = NO;
				CLANG_ANALYZER_NONNULL = YES;
				CLANG_ANALYZER_NUMBER_OBJECT_CONVERSION = YES_AGGRESSIVE;
				CLANG_CXX_LANGUAGE_STANDARD = "gnu++0x";
				CLANG_CXX_LIBRARY = "libc++";
				CLANG_ENABLE_MODULES = YES;
				CLANG_ENABLE_OBJC_ARC = YES;
				CLANG_WARN_BOOL_CONVERSION = YES;
				CLANG_WARN_CONSTANT_CONVERSION = YES;
				CLANG_WARN_DIRECT_OBJC_ISA_USAGE = YES_ERROR;
				CLANG_WARN_DOCUMENTATION_COMMENTS = YES;
				CLANG_WARN_EMPTY_BODY = YES;
				CLANG_WARN_ENUM_CONVERSION = YES;
				CLANG_WARN_INFINITE_RECURSION = YES;
				CLANG_WARN_INT_CONVERSION = YES;
				CLANG_WARN_OBJC_ROOT_CLASS = YES_ERROR;
				CLANG_WARN_SUSPICIOUS_MOVE = YES;
				CLANG_WARN_UNREACHABLE_CODE = YES;
				CLANG_WARN__DUPLICATE_METHOD_MATCH = YES;
				CODE_SIGN_IDENTITY = "iPhone Distribution: Silver Truck Games, LLC (P7LEFGE66S)";
				"CODE_SIGN_IDENTITY[sdk=iphoneos*]" = "iPhone Distribution: Silver Truck Games, LLC (P7LEFGE66S)";
				COPY_PHASE_STRIP = NO;
				DEBUG_INFORMATION_FORMAT = dwarf;
				DEVELOPMENT_TEAM = P7LEFGE66S;
				ENABLE_STRICT_OBJC_MSGSEND = YES;
				ENABLE_TESTABILITY = YES;
				GCC_C_LANGUAGE_STANDARD = gnu99;
				GCC_DYNAMIC_NO_PIC = NO;
				GCC_NO_COMMON_BLOCKS = YES;
				GCC_OPTIMIZATION_LEVEL = 0;
				GCC_PREPROCESSOR_DEFINITIONS = (
					"DEBUG=1",
					"$(inherited)",
				);
				GCC_WARN_64_TO_32_BIT_CONVERSION = YES;
				GCC_WARN_ABOUT_RETURN_TYPE = YES_ERROR;
				GCC_WARN_UNDECLARED_SELECTOR = YES;
				GCC_WARN_UNINITIALIZED_AUTOS = YES_AGGRESSIVE;
				GCC_WARN_UNUSED_FUNCTION = YES;
				GCC_WARN_UNUSED_VARIABLE = YES;
				IPHONEOS_DEPLOYMENT_TARGET = 10.3;
				MTL_ENABLE_DEBUG_INFO = YES;
				ONLY_ACTIVE_ARCH = YES;
				PROVISIONING_PROFILE = "1256cec5-fa37-46e3-9f39-7c673ebd3d6d";
				SDKROOT = iphoneos;
				SWIFT_ACTIVE_COMPILATION_CONDITIONS = DEBUG;
				SWIFT_OPTIMIZATION_LEVEL = "-Onone";
			};
			name = Debug;
		};
		D3307B571F55D3B9007736A4 /* Release */ = {
			isa = XCBuildConfiguration;
			buildSettings = {
				ALWAYS_SEARCH_USER_PATHS = NO;
				CLANG_ANALYZER_NONNULL = YES;
				CLANG_ANALYZER_NUMBER_OBJECT_CONVERSION = YES_AGGRESSIVE;
				CLANG_CXX_LANGUAGE_STANDARD = "gnu++0x";
				CLANG_CXX_LIBRARY = "libc++";
				CLANG_ENABLE_MODULES = YES;
				CLANG_ENABLE_OBJC_ARC = YES;
				CLANG_WARN_BOOL_CONVERSION = YES;
				CLANG_WARN_CONSTANT_CONVERSION = YES;
				CLANG_WARN_DIRECT_OBJC_ISA_USAGE = YES_ERROR;
				CLANG_WARN_DOCUMENTATION_COMMENTS = YES;
				CLANG_WARN_EMPTY_BODY = YES;
				CLANG_WARN_ENUM_CONVERSION = YES;
				CLANG_WARN_INFINITE_RECURSION = YES;
				CLANG_WARN_INT_CONVERSION = YES;
				CLANG_WARN_OBJC_ROOT_CLASS = YES_ERROR;
				CLANG_WARN_SUSPICIOUS_MOVE = YES;
				CLANG_WARN_UNREACHABLE_CODE = YES;
				CLANG_WARN__DUPLICATE_METHOD_MATCH = YES;
				CODE_SIGN_IDENTITY = "iPhone Distribution: Silver Truck Games, LLC (P7LEFGE66S)";
				"CODE_SIGN_IDENTITY[sdk=iphoneos*]" = "iPhone Distribution: Silver Truck Games, LLC (P7LEFGE66S)";
				COPY_PHASE_STRIP = NO;
				DEBUG_INFORMATION_FORMAT = "dwarf-with-dsym";
				DEVELOPMENT_TEAM = P7LEFGE66S;
				ENABLE_NS_ASSERTIONS = NO;
				ENABLE_STRICT_OBJC_MSGSEND = YES;
				GCC_C_LANGUAGE_STANDARD = gnu99;
				GCC_NO_COMMON_BLOCKS = YES;
				GCC_WARN_64_TO_32_BIT_CONVERSION = YES;
				GCC_WARN_ABOUT_RETURN_TYPE = YES_ERROR;
				GCC_WARN_UNDECLARED_SELECTOR = YES;
				GCC_WARN_UNINITIALIZED_AUTOS = YES_AGGRESSIVE;
				GCC_WARN_UNUSED_FUNCTION = YES;
				GCC_WARN_UNUSED_VARIABLE = YES;
				IPHONEOS_DEPLOYMENT_TARGET = 10.3;
				MTL_ENABLE_DEBUG_INFO = NO;
				PROVISIONING_PROFILE = "1256cec5-fa37-46e3-9f39-7c673ebd3d6d";
				SDKROOT = iphoneos;
				SWIFT_OPTIMIZATION_LEVEL = "-Owholemodule";
				VALIDATE_PRODUCT = YES;
			};
			name = Release;
		};
		D3307B591F55D3B9007736A4 /* Debug */ = {
			isa = XCBuildConfiguration;
			buildSettings = {
				ASSETCATALOG_COMPILER_APPICON_NAME = AppIcon;
				CODE_SIGN_IDENTITY = "iPhone Distribution: Silver Truck Games, LLC (P7LEFGE66S)";
				DEVELOPMENT_TEAM = P7LEFGE66S;
				INFOPLIST_FILE = Portfolio/Info.plist;
				IPHONEOS_DEPLOYMENT_TARGET = 9.0;
				LD_RUNPATH_SEARCH_PATHS = "$(inherited) @executable_path/Frameworks";
				PRODUCT_BUNDLE_IDENTIFIER = com.Innocreativecapital.Portfolio;
				PRODUCT_NAME = "$(TARGET_NAME)";
				PROVISIONING_PROFILE = "1256cec5-fa37-46e3-9f39-7c673ebd3d6d";
				PROVISIONING_PROFILE_SPECIFIER = Dist_General;
				SWIFT_OBJC_BRIDGING_HEADER = "Portfolio/Portfolio-Bridging-Header.h";
				SWIFT_VERSION = 3.0;
			};
			name = Debug;
		};
		D3307B5A1F55D3B9007736A4 /* Release */ = {
			isa = XCBuildConfiguration;
			buildSettings = {
				ASSETCATALOG_COMPILER_APPICON_NAME = AppIcon;
				CODE_SIGN_IDENTITY = "iPhone Distribution: Silver Truck Games, LLC (P7LEFGE66S)";
				DEVELOPMENT_TEAM = P7LEFGE66S;
				INFOPLIST_FILE = Portfolio/Info.plist;
				IPHONEOS_DEPLOYMENT_TARGET = 9.0;
				LD_RUNPATH_SEARCH_PATHS = "$(inherited) @executable_path/Frameworks";
				PRODUCT_BUNDLE_IDENTIFIER = com.Innocreativecapital.Portfolio;
				PRODUCT_NAME = "$(TARGET_NAME)";
				PROVISIONING_PROFILE = "1256cec5-fa37-46e3-9f39-7c673ebd3d6d";
				PROVISIONING_PROFILE_SPECIFIER = Dist_General;
				SWIFT_OBJC_BRIDGING_HEADER = "Portfolio/Portfolio-Bridging-Header.h";
				SWIFT_VERSION = 3.0;
			};
			name = Release;
		};
/* End XCBuildConfiguration section */

/* Begin XCConfigurationList section */
		D3307B411F55D3B9007736A4 /* Build configuration list for PBXProject "Portfolio" */ = {
			isa = XCConfigurationList;
			buildConfigurations = (
				D3307B561F55D3B9007736A4 /* Debug */,
				D3307B571F55D3B9007736A4 /* Release */,
			);
			defaultConfigurationIsVisible = 0;
			defaultConfigurationName = Release;
		};
		D3307B581F55D3B9007736A4 /* Build configuration list for PBXNativeTarget "Portfolio" */ = {
			isa = XCConfigurationList;
			buildConfigurations = (
				D3307B591F55D3B9007736A4 /* Debug */,
				D3307B5A1F55D3B9007736A4 /* Release */,
			);
			defaultConfigurationIsVisible = 0;
			defaultConfigurationName = Release;
		};
/* End XCConfigurationList section */
	};
	rootObject = D3307B3E1F55D3B9007736A4 /* Project object */;
}
